
Microsoft Visual Studio Solution File, Format Version 12.00
Project("{FAE04EC0-301F-11D3-BF4B-00C04F79EFBC}") = "CShroud", "CShroud\CShroud.csproj", "{FB85B439-2881-4B68-8445-036273981F33}"
EndProject
Project("{FAE04EC0-301F-11D3-BF4B-00C04F79EFBC}") = "CShroudApp", "CShroudApp\CShroudApp.csproj", "{F69F58E3-836E-4AF5-8415-3850BCCD0705}"
EndProject
Global
	GlobalSection(SolutionConfigurationPlatforms) = preSolution
		Debug|Any CPU = Debug|Any CPU
		Release|Any CPU = Release|Any CPU
	EndGlobalSection
	GlobalSection(ProjectConfigurationPlatforms) = postSolution
		{FB85B439-2881-4B68-8445-036273981F33}.Debug|Any CPU.ActiveCfg = Debug|Any CPU
		{FB85B439-2881-4B68-8445-036273981F33}.Debug|Any CPU.Build.0 = Debug|Any CPU
		{FB85B439-2881-4B68-8445-036273981F33}.Release|Any CPU.ActiveCfg = Release|Any CPU
		{FB85B439-2881-4B68-8445-036273981F33}.Release|Any CPU.Build.0 = Release|Any CPU
		{F69F58E3-836E-4AF5-8415-3850BCCD0705}.Debug|Any CPU.ActiveCfg = Debug|Any CPU
		{F69F58E3-836E-4AF5-8415-3850BCCD0705}.Debug|Any CPU.Build.0 = Debug|Any CPU
		{F69F58E3-836E-4AF5-8415-3850BCCD0705}.Release|Any CPU.ActiveCfg = Release|Any CPU
		{F69F58E3-836E-4AF5-8415-3850BCCD0705}.Release|Any CPU.Build.0 = Release|Any CPU
	EndGlobalSection
EndGlobal
